
Microsoft Visual Studio Solution File, Format Version 12.00
# Visual Studio 15
VisualStudioVersion = 15.0.26430.13
MinimumVisualStudioVersion = 10.0.40219.1
Project("{D954291E-2A0B-460D-934E-DC6B0785DB48}") = "HelloXamarinForm", "HelloXamarinForm\HelloXamarinForm\HelloXamarinForm.shproj", "{3D9AF949-0512-4502-904D-5F4EA2EEBD88}"
EndProject
Project("{FAE04EC0-301F-11D3-BF4B-00C04F79EFBC}") = "HelloXamarinForm.Android", "HelloXamarinForm\HelloXamarinForm.Android\HelloXamarinForm.Android.csproj", "{5C751189-5F70-45AA-B138-283A5CB4E5B1}"
EndProject
Project("{FAE04EC0-301F-11D3-BF4B-00C04F79EFBC}") = "HelloXamarinForm.iOS", "HelloXamarinForm\HelloXamarinForm.iOS\HelloXamarinForm.iOS.csproj", "{4B30E58F-EB83-4336-A53D-ABA57BA4DDE0}"
EndProject
Project("{2150E333-8FDC-42A3-9474-1A3956D46DE8}") = "2. XamlBasic", "2. XamlBasic", "{C8C84F18-232D-4488-9215-38B9AD252237}"
EndProject
Project("{2150E333-8FDC-42A3-9474-1A3956D46DE8}") = "1. Hello", "1. Hello", "{68E35B7F-E49A-45A1-9029-A3F6BC62F8E5}"
EndProject
Project("{FAE04EC0-301F-11D3-BF4B-00C04F79EFBC}") = "XamlBasic.Android", "XamlBasic\XamlBasic.Android\XamlBasic.Android.csproj", "{4CDB1E3C-F3AE-492B-9C37-EFCA93205197}"
EndProject
Project("{FAE04EC0-301F-11D3-BF4B-00C04F79EFBC}") = "XamlBasic", "XamlBasic\XamlBasic\XamlBasic.csproj", "{3CA640F9-D905-4C30-AC40-BFCF97B51E87}"
EndProject
Project("{FAE04EC0-301F-11D3-BF4B-00C04F79EFBC}") = "XamlBasic.iOS", "XamlBasic\XamlBasic.iOS\XamlBasic.iOS.csproj", "{386C5BDB-E539-44F5-9F26-6BAF80C20974}"
EndProject
Project("{2150E333-8FDC-42A3-9474-1A3956D46DE8}") = "3. Resource", "3. Resource", "{EF3928B1-255A-4F2B-B33D-3C11381BE997}"
EndProject
Project("{FAE04EC0-301F-11D3-BF4B-00C04F79EFBC}") = "ResourceDictionary.Android", "ResourceDictionary\ResourceDictionary.Android\ResourceDictionary.Android.csproj", "{33D9B79D-D1C1-4A4A-A1E6-2999088A6D15}"
EndProject
Project("{FAE04EC0-301F-11D3-BF4B-00C04F79EFBC}") = "ResourceDictionary", "ResourceDictionary\ResourceDictionary\ResourceDictionary.csproj", "{302A49C9-98BC-43CE-9F1F-2768A119D978}"
EndProject
Project("{FAE04EC0-301F-11D3-BF4B-00C04F79EFBC}") = "ResourceDictionary.iOS", "ResourceDictionary\ResourceDictionary.iOS\ResourceDictionary.iOS.csproj", "{06942153-0D36-4346-BCD9-8318AC9F4CFF}"
EndProject
Project("{2150E333-8FDC-42A3-9474-1A3956D46DE8}") = "4. Controls Views", "4. Controls Views", "{903126AF-3B2A-4255-B8DE-BD5ACA5413D6}"
EndProject
Project("{FAE04EC0-301F-11D3-BF4B-00C04F79EFBC}") = "ControlsViews.Android", "ControlsViews\ControlsViews.Android\ControlsViews.Android.csproj", "{AE11A674-929F-47DB-A6F2-0937913E86BD}"
EndProject
Project("{FAE04EC0-301F-11D3-BF4B-00C04F79EFBC}") = "ControlsViews", "ControlsViews\ControlsViews\ControlsViews.csproj", "{27776A57-452B-4D23-BF6E-A92C0145B403}"
EndProject
Project("{FAE04EC0-301F-11D3-BF4B-00C04F79EFBC}") = "ControlsViews.iOS", "ControlsViews\ControlsViews.iOS\ControlsViews.iOS.csproj", "{94884E79-A7D9-463C-999E-007C3EFAECA3}"
EndProject
Project("{2150E333-8FDC-42A3-9474-1A3956D46DE8}") = "5. Binding View to View", "5. Binding View to View", "{202EBC59-28F3-471B-B038-CE116B416889}"
EndProject
Project("{FAE04EC0-301F-11D3-BF4B-00C04F79EFBC}") = "BindingViewToView.Android", "BindingViewToView\BindingViewToView.Android\BindingViewToView.Android.csproj", "{604A6120-BA4C-40F9-B3D9-7BE2982EADF0}"
EndProject
Project("{FAE04EC0-301F-11D3-BF4B-00C04F79EFBC}") = "BindingViewToView", "BindingViewToView\BindingViewToView\BindingViewToView.csproj", "{3680D3BE-5443-4256-AC72-FEDE9558454C}"
EndProject
Project("{FAE04EC0-301F-11D3-BF4B-00C04F79EFBC}") = "BindingViewToView.iOS", "BindingViewToView\BindingViewToView.iOS\BindingViewToView.iOS.csproj", "{7283EB9F-63EB-4E90-BFBE-72D41781069E}"
EndProject
Project("{2150E333-8FDC-42A3-9474-1A3956D46DE8}") = "6. Platform Specific", "6. Platform Specific", "{494E3133-1244-49E3-BE53-F2199E4A674D}"
EndProject
Project("{FAE04EC0-301F-11D3-BF4B-00C04F79EFBC}") = "PlatformSpecific.Android", "PlatformSpecific\PlatformSpecific.Android\PlatformSpecific.Android.csproj", "{644D4789-0D52-4589-80D2-D696B555865B}"
EndProject
Project("{FAE04EC0-301F-11D3-BF4B-00C04F79EFBC}") = "PlatformSpecific", "PlatformSpecific\PlatformSpecific\PlatformSpecific.csproj", "{1E922D1A-C905-4ACE-A19A-5400065546FD}"
EndProject
Project("{FAE04EC0-301F-11D3-BF4B-00C04F79EFBC}") = "PlatformSpecific.iOS", "PlatformSpecific\PlatformSpecific.iOS\PlatformSpecific.iOS.csproj", "{3D42E351-5449-40AF-8C3D-ACA5BB64E0D9}"
EndProject
Global
	GlobalSection(SharedMSBuildProjectFiles) = preSolution
		HelloXamarinForm\HelloXamarinForm\HelloXamarinForm.projitems*{3d9af949-0512-4502-904d-5f4ea2eebd88}*SharedItemsImports = 13
		HelloXamarinForm\HelloXamarinForm\HelloXamarinForm.projitems*{4b30e58f-eb83-4336-a53d-aba57ba4dde0}*SharedItemsImports = 4
		HelloXamarinForm\HelloXamarinForm\HelloXamarinForm.projitems*{5c751189-5f70-45aa-b138-283a5cb4e5b1}*SharedItemsImports = 4
	EndGlobalSection
	GlobalSection(SolutionConfigurationPlatforms) = preSolution
		Ad-Hoc|Any CPU = Ad-Hoc|Any CPU
		Ad-Hoc|iPhone = Ad-Hoc|iPhone
		Ad-Hoc|iPhoneSimulator = Ad-Hoc|iPhoneSimulator
		AppStore|Any CPU = AppStore|Any CPU
		AppStore|iPhone = AppStore|iPhone
		AppStore|iPhoneSimulator = AppStore|iPhoneSimulator
		Debug|Any CPU = Debug|Any CPU
		Debug|iPhone = Debug|iPhone
		Debug|iPhoneSimulator = Debug|iPhoneSimulator
		Release|Any CPU = Release|Any CPU
		Release|iPhone = Release|iPhone
		Release|iPhoneSimulator = Release|iPhoneSimulator
	EndGlobalSection
	GlobalSection(ProjectConfigurationPlatforms) = postSolution
		{5C751189-5F70-45AA-B138-283A5CB4E5B1}.Ad-Hoc|Any CPU.ActiveCfg = Release|Any CPU
		{5C751189-5F70-45AA-B138-283A5CB4E5B1}.Ad-Hoc|Any CPU.Build.0 = Release|Any CPU
		{5C751189-5F70-45AA-B138-283A5CB4E5B1}.Ad-Hoc|Any CPU.Deploy.0 = Release|Any CPU
		{5C751189-5F70-45AA-B138-283A5CB4E5B1}.Ad-Hoc|iPhone.ActiveCfg = Release|Any CPU
		{5C751189-5F70-45AA-B138-283A5CB4E5B1}.Ad-Hoc|iPhone.Build.0 = Release|Any CPU
		{5C751189-5F70-45AA-B138-283A5CB4E5B1}.Ad-Hoc|iPhone.Deploy.0 = Release|Any CPU
		{5C751189-5F70-45AA-B138-283A5CB4E5B1}.Ad-Hoc|iPhoneSimulator.ActiveCfg = Release|Any CPU
		{5C751189-5F70-45AA-B138-283A5CB4E5B1}.Ad-Hoc|iPhoneSimulator.Build.0 = Release|Any CPU
		{5C751189-5F70-45AA-B138-283A5CB4E5B1}.Ad-Hoc|iPhoneSimulator.Deploy.0 = Release|Any CPU
		{5C751189-5F70-45AA-B138-283A5CB4E5B1}.AppStore|Any CPU.ActiveCfg = Release|Any CPU
		{5C751189-5F70-45AA-B138-283A5CB4E5B1}.AppStore|Any CPU.Build.0 = Release|Any CPU
		{5C751189-5F70-45AA-B138-283A5CB4E5B1}.AppStore|Any CPU.Deploy.0 = Release|Any CPU
		{5C751189-5F70-45AA-B138-283A5CB4E5B1}.AppStore|iPhone.ActiveCfg = Release|Any CPU
		{5C751189-5F70-45AA-B138-283A5CB4E5B1}.AppStore|iPhone.Build.0 = Release|Any CPU
		{5C751189-5F70-45AA-B138-283A5CB4E5B1}.AppStore|iPhone.Deploy.0 = Release|Any CPU
		{5C751189-5F70-45AA-B138-283A5CB4E5B1}.AppStore|iPhoneSimulator.ActiveCfg = Release|Any CPU
		{5C751189-5F70-45AA-B138-283A5CB4E5B1}.AppStore|iPhoneSimulator.Build.0 = Release|Any CPU
		{5C751189-5F70-45AA-B138-283A5CB4E5B1}.AppStore|iPhoneSimulator.Deploy.0 = Release|Any CPU
		{5C751189-5F70-45AA-B138-283A5CB4E5B1}.Debug|Any CPU.ActiveCfg = Debug|Any CPU
		{5C751189-5F70-45AA-B138-283A5CB4E5B1}.Debug|Any CPU.Build.0 = Debug|Any CPU
		{5C751189-5F70-45AA-B138-283A5CB4E5B1}.Debug|Any CPU.Deploy.0 = Debug|Any CPU
		{5C751189-5F70-45AA-B138-283A5CB4E5B1}.Debug|iPhone.ActiveCfg = Debug|Any CPU
		{5C751189-5F70-45AA-B138-283A5CB4E5B1}.Debug|iPhone.Build.0 = Debug|Any CPU
		{5C751189-5F70-45AA-B138-283A5CB4E5B1}.Debug|iPhone.Deploy.0 = Debug|Any CPU
		{5C751189-5F70-45AA-B138-283A5CB4E5B1}.Debug|iPhoneSimulator.ActiveCfg = Debug|Any CPU
		{5C751189-5F70-45AA-B138-283A5CB4E5B1}.Debug|iPhoneSimulator.Build.0 = Debug|Any CPU
		{5C751189-5F70-45AA-B138-283A5CB4E5B1}.Debug|iPhoneSimulator.Deploy.0 = Debug|Any CPU
		{5C751189-5F70-45AA-B138-283A5CB4E5B1}.Release|Any CPU.ActiveCfg = Release|Any CPU
		{5C751189-5F70-45AA-B138-283A5CB4E5B1}.Release|Any CPU.Build.0 = Release|Any CPU
		{5C751189-5F70-45AA-B138-283A5CB4E5B1}.Release|Any CPU.Deploy.0 = Release|Any CPU
		{5C751189-5F70-45AA-B138-283A5CB4E5B1}.Release|iPhone.ActiveCfg = Release|Any CPU
		{5C751189-5F70-45AA-B138-283A5CB4E5B1}.Release|iPhone.Build.0 = Release|Any CPU
		{5C751189-5F70-45AA-B138-283A5CB4E5B1}.Release|iPhone.Deploy.0 = Release|Any CPU
		{5C751189-5F70-45AA-B138-283A5CB4E5B1}.Release|iPhoneSimulator.ActiveCfg = Release|Any CPU
		{5C751189-5F70-45AA-B138-283A5CB4E5B1}.Release|iPhoneSimulator.Build.0 = Release|Any CPU
		{5C751189-5F70-45AA-B138-283A5CB4E5B1}.Release|iPhoneSimulator.Deploy.0 = Release|Any CPU
		{4B30E58F-EB83-4336-A53D-ABA57BA4DDE0}.Ad-Hoc|Any CPU.ActiveCfg = Ad-Hoc|iPhone
		{4B30E58F-EB83-4336-A53D-ABA57BA4DDE0}.Ad-Hoc|iPhone.ActiveCfg = Ad-Hoc|iPhone
		{4B30E58F-EB83-4336-A53D-ABA57BA4DDE0}.Ad-Hoc|iPhone.Build.0 = Ad-Hoc|iPhone
		{4B30E58F-EB83-4336-A53D-ABA57BA4DDE0}.Ad-Hoc|iPhoneSimulator.ActiveCfg = Ad-Hoc|iPhoneSimulator
		{4B30E58F-EB83-4336-A53D-ABA57BA4DDE0}.Ad-Hoc|iPhoneSimulator.Build.0 = Ad-Hoc|iPhoneSimulator
		{4B30E58F-EB83-4336-A53D-ABA57BA4DDE0}.AppStore|Any CPU.ActiveCfg = AppStore|iPhone
		{4B30E58F-EB83-4336-A53D-ABA57BA4DDE0}.AppStore|iPhone.ActiveCfg = AppStore|iPhone
		{4B30E58F-EB83-4336-A53D-ABA57BA4DDE0}.AppStore|iPhone.Build.0 = AppStore|iPhone
		{4B30E58F-EB83-4336-A53D-ABA57BA4DDE0}.AppStore|iPhoneSimulator.ActiveCfg = AppStore|iPhoneSimulator
		{4B30E58F-EB83-4336-A53D-ABA57BA4DDE0}.AppStore|iPhoneSimulator.Build.0 = AppStore|iPhoneSimulator
		{4B30E58F-EB83-4336-A53D-ABA57BA4DDE0}.Debug|Any CPU.ActiveCfg = Debug|iPhone
		{4B30E58F-EB83-4336-A53D-ABA57BA4DDE0}.Debug|iPhone.ActiveCfg = Debug|iPhone
		{4B30E58F-EB83-4336-A53D-ABA57BA4DDE0}.Debug|iPhone.Build.0 = Debug|iPhone
		{4B30E58F-EB83-4336-A53D-ABA57BA4DDE0}.Debug|iPhoneSimulator.ActiveCfg = Debug|iPhoneSimulator
		{4B30E58F-EB83-4336-A53D-ABA57BA4DDE0}.Debug|iPhoneSimulator.Build.0 = Debug|iPhoneSimulator
		{4B30E58F-EB83-4336-A53D-ABA57BA4DDE0}.Release|Any CPU.ActiveCfg = Release|iPhone
		{4B30E58F-EB83-4336-A53D-ABA57BA4DDE0}.Release|iPhone.ActiveCfg = Release|iPhone
		{4B30E58F-EB83-4336-A53D-ABA57BA4DDE0}.Release|iPhone.Build.0 = Release|iPhone
		{4B30E58F-EB83-4336-A53D-ABA57BA4DDE0}.Release|iPhoneSimulator.ActiveCfg = Release|iPhoneSimulator
		{4B30E58F-EB83-4336-A53D-ABA57BA4DDE0}.Release|iPhoneSimulator.Build.0 = Release|iPhoneSimulator
		{4CDB1E3C-F3AE-492B-9C37-EFCA93205197}.Ad-Hoc|Any CPU.ActiveCfg = Release|Any CPU
		{4CDB1E3C-F3AE-492B-9C37-EFCA93205197}.Ad-Hoc|Any CPU.Build.0 = Release|Any CPU
		{4CDB1E3C-F3AE-492B-9C37-EFCA93205197}.Ad-Hoc|Any CPU.Deploy.0 = Release|Any CPU
		{4CDB1E3C-F3AE-492B-9C37-EFCA93205197}.Ad-Hoc|iPhone.ActiveCfg = Release|Any CPU
		{4CDB1E3C-F3AE-492B-9C37-EFCA93205197}.Ad-Hoc|iPhone.Build.0 = Release|Any CPU
		{4CDB1E3C-F3AE-492B-9C37-EFCA93205197}.Ad-Hoc|iPhone.Deploy.0 = Release|Any CPU
		{4CDB1E3C-F3AE-492B-9C37-EFCA93205197}.Ad-Hoc|iPhoneSimulator.ActiveCfg = Release|Any CPU
		{4CDB1E3C-F3AE-492B-9C37-EFCA93205197}.Ad-Hoc|iPhoneSimulator.Build.0 = Release|Any CPU
		{4CDB1E3C-F3AE-492B-9C37-EFCA93205197}.Ad-Hoc|iPhoneSimulator.Deploy.0 = Release|Any CPU
		{4CDB1E3C-F3AE-492B-9C37-EFCA93205197}.AppStore|Any CPU.ActiveCfg = Release|Any CPU
		{4CDB1E3C-F3AE-492B-9C37-EFCA93205197}.AppStore|Any CPU.Build.0 = Release|Any CPU
		{4CDB1E3C-F3AE-492B-9C37-EFCA93205197}.AppStore|Any CPU.Deploy.0 = Release|Any CPU
		{4CDB1E3C-F3AE-492B-9C37-EFCA93205197}.AppStore|iPhone.ActiveCfg = Release|Any CPU
		{4CDB1E3C-F3AE-492B-9C37-EFCA93205197}.AppStore|iPhone.Build.0 = Release|Any CPU
		{4CDB1E3C-F3AE-492B-9C37-EFCA93205197}.AppStore|iPhone.Deploy.0 = Release|Any CPU
		{4CDB1E3C-F3AE-492B-9C37-EFCA93205197}.AppStore|iPhoneSimulator.ActiveCfg = Release|Any CPU
		{4CDB1E3C-F3AE-492B-9C37-EFCA93205197}.AppStore|iPhoneSimulator.Build.0 = Release|Any CPU
		{4CDB1E3C-F3AE-492B-9C37-EFCA93205197}.AppStore|iPhoneSimulator.Deploy.0 = Release|Any CPU
		{4CDB1E3C-F3AE-492B-9C37-EFCA93205197}.Debug|Any CPU.ActiveCfg = Debug|Any CPU
		{4CDB1E3C-F3AE-492B-9C37-EFCA93205197}.Debug|Any CPU.Build.0 = Debug|Any CPU
		{4CDB1E3C-F3AE-492B-9C37-EFCA93205197}.Debug|Any CPU.Deploy.0 = Debug|Any CPU
		{4CDB1E3C-F3AE-492B-9C37-EFCA93205197}.Debug|iPhone.ActiveCfg = Debug|Any CPU
		{4CDB1E3C-F3AE-492B-9C37-EFCA93205197}.Debug|iPhone.Build.0 = Debug|Any CPU
		{4CDB1E3C-F3AE-492B-9C37-EFCA93205197}.Debug|iPhone.Deploy.0 = Debug|Any CPU
		{4CDB1E3C-F3AE-492B-9C37-EFCA93205197}.Debug|iPhoneSimulator.ActiveCfg = Debug|Any CPU
		{4CDB1E3C-F3AE-492B-9C37-EFCA93205197}.Debug|iPhoneSimulator.Build.0 = Debug|Any CPU
		{4CDB1E3C-F3AE-492B-9C37-EFCA93205197}.Debug|iPhoneSimulator.Deploy.0 = Debug|Any CPU
		{4CDB1E3C-F3AE-492B-9C37-EFCA93205197}.Release|Any CPU.ActiveCfg = Release|Any CPU
		{4CDB1E3C-F3AE-492B-9C37-EFCA93205197}.Release|Any CPU.Build.0 = Release|Any CPU
		{4CDB1E3C-F3AE-492B-9C37-EFCA93205197}.Release|Any CPU.Deploy.0 = Release|Any CPU
		{4CDB1E3C-F3AE-492B-9C37-EFCA93205197}.Release|iPhone.ActiveCfg = Release|Any CPU
		{4CDB1E3C-F3AE-492B-9C37-EFCA93205197}.Release|iPhone.Build.0 = Release|Any CPU
		{4CDB1E3C-F3AE-492B-9C37-EFCA93205197}.Release|iPhone.Deploy.0 = Release|Any CPU
		{4CDB1E3C-F3AE-492B-9C37-EFCA93205197}.Release|iPhoneSimulator.ActiveCfg = Release|Any CPU
		{4CDB1E3C-F3AE-492B-9C37-EFCA93205197}.Release|iPhoneSimulator.Build.0 = Release|Any CPU
		{4CDB1E3C-F3AE-492B-9C37-EFCA93205197}.Release|iPhoneSimulator.Deploy.0 = Release|Any CPU
		{3CA640F9-D905-4C30-AC40-BFCF97B51E87}.Ad-Hoc|Any CPU.ActiveCfg = Release|Any CPU
		{3CA640F9-D905-4C30-AC40-BFCF97B51E87}.Ad-Hoc|Any CPU.Build.0 = Release|Any CPU
		{3CA640F9-D905-4C30-AC40-BFCF97B51E87}.Ad-Hoc|iPhone.ActiveCfg = Release|Any CPU
		{3CA640F9-D905-4C30-AC40-BFCF97B51E87}.Ad-Hoc|iPhone.Build.0 = Release|Any CPU
		{3CA640F9-D905-4C30-AC40-BFCF97B51E87}.Ad-Hoc|iPhoneSimulator.ActiveCfg = Release|Any CPU
		{3CA640F9-D905-4C30-AC40-BFCF97B51E87}.Ad-Hoc|iPhoneSimulator.Build.0 = Release|Any CPU
		{3CA640F9-D905-4C30-AC40-BFCF97B51E87}.AppStore|Any CPU.ActiveCfg = Release|Any CPU
		{3CA640F9-D905-4C30-AC40-BFCF97B51E87}.AppStore|Any CPU.Build.0 = Release|Any CPU
		{3CA640F9-D905-4C30-AC40-BFCF97B51E87}.AppStore|iPhone.ActiveCfg = Release|Any CPU
		{3CA640F9-D905-4C30-AC40-BFCF97B51E87}.AppStore|iPhone.Build.0 = Release|Any CPU
		{3CA640F9-D905-4C30-AC40-BFCF97B51E87}.AppStore|iPhoneSimulator.ActiveCfg = Release|Any CPU
		{3CA640F9-D905-4C30-AC40-BFCF97B51E87}.AppStore|iPhoneSimulator.Build.0 = Release|Any CPU
		{3CA640F9-D905-4C30-AC40-BFCF97B51E87}.Debug|Any CPU.ActiveCfg = Debug|Any CPU
		{3CA640F9-D905-4C30-AC40-BFCF97B51E87}.Debug|Any CPU.Build.0 = Debug|Any CPU
		{3CA640F9-D905-4C30-AC40-BFCF97B51E87}.Debug|iPhone.ActiveCfg = Debug|Any CPU
		{3CA640F9-D905-4C30-AC40-BFCF97B51E87}.Debug|iPhone.Build.0 = Debug|Any CPU
		{3CA640F9-D905-4C30-AC40-BFCF97B51E87}.Debug|iPhoneSimulator.ActiveCfg = Debug|Any CPU
		{3CA640F9-D905-4C30-AC40-BFCF97B51E87}.Debug|iPhoneSimulator.Build.0 = Debug|Any CPU
		{3CA640F9-D905-4C30-AC40-BFCF97B51E87}.Release|Any CPU.ActiveCfg = Release|Any CPU
		{3CA640F9-D905-4C30-AC40-BFCF97B51E87}.Release|Any CPU.Build.0 = Release|Any CPU
		{3CA640F9-D905-4C30-AC40-BFCF97B51E87}.Release|iPhone.ActiveCfg = Release|Any CPU
		{3CA640F9-D905-4C30-AC40-BFCF97B51E87}.Release|iPhone.Build.0 = Release|Any CPU
		{3CA640F9-D905-4C30-AC40-BFCF97B51E87}.Release|iPhoneSimulator.ActiveCfg = Release|Any CPU
		{3CA640F9-D905-4C30-AC40-BFCF97B51E87}.Release|iPhoneSimulator.Build.0 = Release|Any CPU
		{386C5BDB-E539-44F5-9F26-6BAF80C20974}.Ad-Hoc|Any CPU.ActiveCfg = Ad-Hoc|iPhone
		{386C5BDB-E539-44F5-9F26-6BAF80C20974}.Ad-Hoc|iPhone.ActiveCfg = Ad-Hoc|iPhone
		{386C5BDB-E539-44F5-9F26-6BAF80C20974}.Ad-Hoc|iPhone.Build.0 = Ad-Hoc|iPhone
		{386C5BDB-E539-44F5-9F26-6BAF80C20974}.Ad-Hoc|iPhoneSimulator.ActiveCfg = Ad-Hoc|iPhoneSimulator
		{386C5BDB-E539-44F5-9F26-6BAF80C20974}.Ad-Hoc|iPhoneSimulator.Build.0 = Ad-Hoc|iPhoneSimulator
		{386C5BDB-E539-44F5-9F26-6BAF80C20974}.AppStore|Any CPU.ActiveCfg = AppStore|iPhone
		{386C5BDB-E539-44F5-9F26-6BAF80C20974}.AppStore|iPhone.ActiveCfg = AppStore|iPhone
		{386C5BDB-E539-44F5-9F26-6BAF80C20974}.AppStore|iPhone.Build.0 = AppStore|iPhone
		{386C5BDB-E539-44F5-9F26-6BAF80C20974}.AppStore|iPhoneSimulator.ActiveCfg = AppStore|iPhoneSimulator
		{386C5BDB-E539-44F5-9F26-6BAF80C20974}.AppStore|iPhoneSimulator.Build.0 = AppStore|iPhoneSimulator
		{386C5BDB-E539-44F5-9F26-6BAF80C20974}.Debug|Any CPU.ActiveCfg = Debug|iPhone
		{386C5BDB-E539-44F5-9F26-6BAF80C20974}.Debug|iPhone.ActiveCfg = Debug|iPhone
		{386C5BDB-E539-44F5-9F26-6BAF80C20974}.Debug|iPhone.Build.0 = Debug|iPhone
		{386C5BDB-E539-44F5-9F26-6BAF80C20974}.Debug|iPhoneSimulator.ActiveCfg = Debug|iPhoneSimulator
		{386C5BDB-E539-44F5-9F26-6BAF80C20974}.Debug|iPhoneSimulator.Build.0 = Debug|iPhoneSimulator
		{386C5BDB-E539-44F5-9F26-6BAF80C20974}.Release|Any CPU.ActiveCfg = Release|iPhone
		{386C5BDB-E539-44F5-9F26-6BAF80C20974}.Release|iPhone.ActiveCfg = Release|iPhone
		{386C5BDB-E539-44F5-9F26-6BAF80C20974}.Release|iPhone.Build.0 = Release|iPhone
		{386C5BDB-E539-44F5-9F26-6BAF80C20974}.Release|iPhoneSimulator.ActiveCfg = Release|iPhoneSimulator
		{386C5BDB-E539-44F5-9F26-6BAF80C20974}.Release|iPhoneSimulator.Build.0 = Release|iPhoneSimulator
		{33D9B79D-D1C1-4A4A-A1E6-2999088A6D15}.Ad-Hoc|Any CPU.ActiveCfg = Release|Any CPU
		{33D9B79D-D1C1-4A4A-A1E6-2999088A6D15}.Ad-Hoc|Any CPU.Build.0 = Release|Any CPU
		{33D9B79D-D1C1-4A4A-A1E6-2999088A6D15}.Ad-Hoc|Any CPU.Deploy.0 = Release|Any CPU
		{33D9B79D-D1C1-4A4A-A1E6-2999088A6D15}.Ad-Hoc|iPhone.ActiveCfg = Release|Any CPU
		{33D9B79D-D1C1-4A4A-A1E6-2999088A6D15}.Ad-Hoc|iPhone.Build.0 = Release|Any CPU
		{33D9B79D-D1C1-4A4A-A1E6-2999088A6D15}.Ad-Hoc|iPhone.Deploy.0 = Release|Any CPU
		{33D9B79D-D1C1-4A4A-A1E6-2999088A6D15}.Ad-Hoc|iPhoneSimulator.ActiveCfg = Release|Any CPU
		{33D9B79D-D1C1-4A4A-A1E6-2999088A6D15}.Ad-Hoc|iPhoneSimulator.Build.0 = Release|Any CPU
		{33D9B79D-D1C1-4A4A-A1E6-2999088A6D15}.Ad-Hoc|iPhoneSimulator.Deploy.0 = Release|Any CPU
		{33D9B79D-D1C1-4A4A-A1E6-2999088A6D15}.AppStore|Any CPU.ActiveCfg = Release|Any CPU
		{33D9B79D-D1C1-4A4A-A1E6-2999088A6D15}.AppStore|Any CPU.Build.0 = Release|Any CPU
		{33D9B79D-D1C1-4A4A-A1E6-2999088A6D15}.AppStore|Any CPU.Deploy.0 = Release|Any CPU
		{33D9B79D-D1C1-4A4A-A1E6-2999088A6D15}.AppStore|iPhone.ActiveCfg = Release|Any CPU
		{33D9B79D-D1C1-4A4A-A1E6-2999088A6D15}.AppStore|iPhone.Build.0 = Release|Any CPU
		{33D9B79D-D1C1-4A4A-A1E6-2999088A6D15}.AppStore|iPhone.Deploy.0 = Release|Any CPU
		{33D9B79D-D1C1-4A4A-A1E6-2999088A6D15}.AppStore|iPhoneSimulator.ActiveCfg = Release|Any CPU
		{33D9B79D-D1C1-4A4A-A1E6-2999088A6D15}.AppStore|iPhoneSimulator.Build.0 = Release|Any CPU
		{33D9B79D-D1C1-4A4A-A1E6-2999088A6D15}.AppStore|iPhoneSimulator.Deploy.0 = Release|Any CPU
		{33D9B79D-D1C1-4A4A-A1E6-2999088A6D15}.Debug|Any CPU.ActiveCfg = Debug|Any CPU
		{33D9B79D-D1C1-4A4A-A1E6-2999088A6D15}.Debug|Any CPU.Build.0 = Debug|Any CPU
		{33D9B79D-D1C1-4A4A-A1E6-2999088A6D15}.Debug|Any CPU.Deploy.0 = Debug|Any CPU
		{33D9B79D-D1C1-4A4A-A1E6-2999088A6D15}.Debug|iPhone.ActiveCfg = Debug|Any CPU
		{33D9B79D-D1C1-4A4A-A1E6-2999088A6D15}.Debug|iPhone.Build.0 = Debug|Any CPU
		{33D9B79D-D1C1-4A4A-A1E6-2999088A6D15}.Debug|iPhone.Deploy.0 = Debug|Any CPU
		{33D9B79D-D1C1-4A4A-A1E6-2999088A6D15}.Debug|iPhoneSimulator.ActiveCfg = Debug|Any CPU
		{33D9B79D-D1C1-4A4A-A1E6-2999088A6D15}.Debug|iPhoneSimulator.Build.0 = Debug|Any CPU
		{33D9B79D-D1C1-4A4A-A1E6-2999088A6D15}.Debug|iPhoneSimulator.Deploy.0 = Debug|Any CPU
		{33D9B79D-D1C1-4A4A-A1E6-2999088A6D15}.Release|Any CPU.ActiveCfg = Release|Any CPU
		{33D9B79D-D1C1-4A4A-A1E6-2999088A6D15}.Release|Any CPU.Build.0 = Release|Any CPU
		{33D9B79D-D1C1-4A4A-A1E6-2999088A6D15}.Release|Any CPU.Deploy.0 = Release|Any CPU
		{33D9B79D-D1C1-4A4A-A1E6-2999088A6D15}.Release|iPhone.ActiveCfg = Release|Any CPU
		{33D9B79D-D1C1-4A4A-A1E6-2999088A6D15}.Release|iPhone.Build.0 = Release|Any CPU
		{33D9B79D-D1C1-4A4A-A1E6-2999088A6D15}.Release|iPhone.Deploy.0 = Release|Any CPU
		{33D9B79D-D1C1-4A4A-A1E6-2999088A6D15}.Release|iPhoneSimulator.ActiveCfg = Release|Any CPU
		{33D9B79D-D1C1-4A4A-A1E6-2999088A6D15}.Release|iPhoneSimulator.Build.0 = Release|Any CPU
		{33D9B79D-D1C1-4A4A-A1E6-2999088A6D15}.Release|iPhoneSimulator.Deploy.0 = Release|Any CPU
		{302A49C9-98BC-43CE-9F1F-2768A119D978}.Ad-Hoc|Any CPU.ActiveCfg = Release|Any CPU
		{302A49C9-98BC-43CE-9F1F-2768A119D978}.Ad-Hoc|Any CPU.Build.0 = Release|Any CPU
		{302A49C9-98BC-43CE-9F1F-2768A119D978}.Ad-Hoc|iPhone.ActiveCfg = Release|Any CPU
		{302A49C9-98BC-43CE-9F1F-2768A119D978}.Ad-Hoc|iPhone.Build.0 = Release|Any CPU
		{302A49C9-98BC-43CE-9F1F-2768A119D978}.Ad-Hoc|iPhoneSimulator.ActiveCfg = Release|Any CPU
		{302A49C9-98BC-43CE-9F1F-2768A119D978}.Ad-Hoc|iPhoneSimulator.Build.0 = Release|Any CPU
		{302A49C9-98BC-43CE-9F1F-2768A119D978}.AppStore|Any CPU.ActiveCfg = Release|Any CPU
		{302A49C9-98BC-43CE-9F1F-2768A119D978}.AppStore|Any CPU.Build.0 = Release|Any CPU
		{302A49C9-98BC-43CE-9F1F-2768A119D978}.AppStore|iPhone.ActiveCfg = Release|Any CPU
		{302A49C9-98BC-43CE-9F1F-2768A119D978}.AppStore|iPhone.Build.0 = Release|Any CPU
		{302A49C9-98BC-43CE-9F1F-2768A119D978}.AppStore|iPhoneSimulator.ActiveCfg = Release|Any CPU
		{302A49C9-98BC-43CE-9F1F-2768A119D978}.AppStore|iPhoneSimulator.Build.0 = Release|Any CPU
		{302A49C9-98BC-43CE-9F1F-2768A119D978}.Debug|Any CPU.ActiveCfg = Debug|Any CPU
		{302A49C9-98BC-43CE-9F1F-2768A119D978}.Debug|Any CPU.Build.0 = Debug|Any CPU
		{302A49C9-98BC-43CE-9F1F-2768A119D978}.Debug|iPhone.ActiveCfg = Debug|Any CPU
		{302A49C9-98BC-43CE-9F1F-2768A119D978}.Debug|iPhone.Build.0 = Debug|Any CPU
		{302A49C9-98BC-43CE-9F1F-2768A119D978}.Debug|iPhoneSimulator.ActiveCfg = Debug|Any CPU
		{302A49C9-98BC-43CE-9F1F-2768A119D978}.Debug|iPhoneSimulator.Build.0 = Debug|Any CPU
		{302A49C9-98BC-43CE-9F1F-2768A119D978}.Release|Any CPU.ActiveCfg = Release|Any CPU
		{302A49C9-98BC-43CE-9F1F-2768A119D978}.Release|Any CPU.Build.0 = Release|Any CPU
		{302A49C9-98BC-43CE-9F1F-2768A119D978}.Release|iPhone.ActiveCfg = Release|Any CPU
		{302A49C9-98BC-43CE-9F1F-2768A119D978}.Release|iPhone.Build.0 = Release|Any CPU
		{302A49C9-98BC-43CE-9F1F-2768A119D978}.Release|iPhoneSimulator.ActiveCfg = Release|Any CPU
		{302A49C9-98BC-43CE-9F1F-2768A119D978}.Release|iPhoneSimulator.Build.0 = Release|Any CPU
		{06942153-0D36-4346-BCD9-8318AC9F4CFF}.Ad-Hoc|Any CPU.ActiveCfg = Ad-Hoc|iPhone
		{06942153-0D36-4346-BCD9-8318AC9F4CFF}.Ad-Hoc|iPhone.ActiveCfg = Ad-Hoc|iPhone
		{06942153-0D36-4346-BCD9-8318AC9F4CFF}.Ad-Hoc|iPhone.Build.0 = Ad-Hoc|iPhone
		{06942153-0D36-4346-BCD9-8318AC9F4CFF}.Ad-Hoc|iPhoneSimulator.ActiveCfg = Ad-Hoc|iPhoneSimulator
		{06942153-0D36-4346-BCD9-8318AC9F4CFF}.Ad-Hoc|iPhoneSimulator.Build.0 = Ad-Hoc|iPhoneSimulator
		{06942153-0D36-4346-BCD9-8318AC9F4CFF}.AppStore|Any CPU.ActiveCfg = AppStore|iPhone
		{06942153-0D36-4346-BCD9-8318AC9F4CFF}.AppStore|iPhone.ActiveCfg = AppStore|iPhone
		{06942153-0D36-4346-BCD9-8318AC9F4CFF}.AppStore|iPhone.Build.0 = AppStore|iPhone
		{06942153-0D36-4346-BCD9-8318AC9F4CFF}.AppStore|iPhoneSimulator.ActiveCfg = AppStore|iPhoneSimulator
		{06942153-0D36-4346-BCD9-8318AC9F4CFF}.AppStore|iPhoneSimulator.Build.0 = AppStore|iPhoneSimulator
		{06942153-0D36-4346-BCD9-8318AC9F4CFF}.Debug|Any CPU.ActiveCfg = Debug|iPhone
		{06942153-0D36-4346-BCD9-8318AC9F4CFF}.Debug|iPhone.ActiveCfg = Debug|iPhone
		{06942153-0D36-4346-BCD9-8318AC9F4CFF}.Debug|iPhone.Build.0 = Debug|iPhone
		{06942153-0D36-4346-BCD9-8318AC9F4CFF}.Debug|iPhoneSimulator.ActiveCfg = Debug|iPhoneSimulator
		{06942153-0D36-4346-BCD9-8318AC9F4CFF}.Debug|iPhoneSimulator.Build.0 = Debug|iPhoneSimulator
		{06942153-0D36-4346-BCD9-8318AC9F4CFF}.Release|Any CPU.ActiveCfg = Release|iPhone
		{06942153-0D36-4346-BCD9-8318AC9F4CFF}.Release|iPhone.ActiveCfg = Release|iPhone
		{06942153-0D36-4346-BCD9-8318AC9F4CFF}.Release|iPhone.Build.0 = Release|iPhone
		{06942153-0D36-4346-BCD9-8318AC9F4CFF}.Release|iPhoneSimulator.ActiveCfg = Release|iPhoneSimulator
		{06942153-0D36-4346-BCD9-8318AC9F4CFF}.Release|iPhoneSimulator.Build.0 = Release|iPhoneSimulator
		{AE11A674-929F-47DB-A6F2-0937913E86BD}.Ad-Hoc|Any CPU.ActiveCfg = Release|Any CPU
		{AE11A674-929F-47DB-A6F2-0937913E86BD}.Ad-Hoc|Any CPU.Build.0 = Release|Any CPU
		{AE11A674-929F-47DB-A6F2-0937913E86BD}.Ad-Hoc|Any CPU.Deploy.0 = Release|Any CPU
		{AE11A674-929F-47DB-A6F2-0937913E86BD}.Ad-Hoc|iPhone.ActiveCfg = Release|Any CPU
		{AE11A674-929F-47DB-A6F2-0937913E86BD}.Ad-Hoc|iPhone.Build.0 = Release|Any CPU
		{AE11A674-929F-47DB-A6F2-0937913E86BD}.Ad-Hoc|iPhone.Deploy.0 = Release|Any CPU
		{AE11A674-929F-47DB-A6F2-0937913E86BD}.Ad-Hoc|iPhoneSimulator.ActiveCfg = Release|Any CPU
		{AE11A674-929F-47DB-A6F2-0937913E86BD}.Ad-Hoc|iPhoneSimulator.Build.0 = Release|Any CPU
		{AE11A674-929F-47DB-A6F2-0937913E86BD}.Ad-Hoc|iPhoneSimulator.Deploy.0 = Release|Any CPU
		{AE11A674-929F-47DB-A6F2-0937913E86BD}.AppStore|Any CPU.ActiveCfg = Release|Any CPU
		{AE11A674-929F-47DB-A6F2-0937913E86BD}.AppStore|Any CPU.Build.0 = Release|Any CPU
		{AE11A674-929F-47DB-A6F2-0937913E86BD}.AppStore|Any CPU.Deploy.0 = Release|Any CPU
		{AE11A674-929F-47DB-A6F2-0937913E86BD}.AppStore|iPhone.ActiveCfg = Release|Any CPU
		{AE11A674-929F-47DB-A6F2-0937913E86BD}.AppStore|iPhone.Build.0 = Release|Any CPU
		{AE11A674-929F-47DB-A6F2-0937913E86BD}.AppStore|iPhone.Deploy.0 = Release|Any CPU
		{AE11A674-929F-47DB-A6F2-0937913E86BD}.AppStore|iPhoneSimulator.ActiveCfg = Release|Any CPU
		{AE11A674-929F-47DB-A6F2-0937913E86BD}.AppStore|iPhoneSimulator.Build.0 = Release|Any CPU
		{AE11A674-929F-47DB-A6F2-0937913E86BD}.AppStore|iPhoneSimulator.Deploy.0 = Release|Any CPU
		{AE11A674-929F-47DB-A6F2-0937913E86BD}.Debug|Any CPU.ActiveCfg = Debug|Any CPU
		{AE11A674-929F-47DB-A6F2-0937913E86BD}.Debug|Any CPU.Build.0 = Debug|Any CPU
		{AE11A674-929F-47DB-A6F2-0937913E86BD}.Debug|Any CPU.Deploy.0 = Debug|Any CPU
		{AE11A674-929F-47DB-A6F2-0937913E86BD}.Debug|iPhone.ActiveCfg = Debug|Any CPU
		{AE11A674-929F-47DB-A6F2-0937913E86BD}.Debug|iPhone.Build.0 = Debug|Any CPU
		{AE11A674-929F-47DB-A6F2-0937913E86BD}.Debug|iPhone.Deploy.0 = Debug|Any CPU
		{AE11A674-929F-47DB-A6F2-0937913E86BD}.Debug|iPhoneSimulator.ActiveCfg = Debug|Any CPU
		{AE11A674-929F-47DB-A6F2-0937913E86BD}.Debug|iPhoneSimulator.Build.0 = Debug|Any CPU
		{AE11A674-929F-47DB-A6F2-0937913E86BD}.Debug|iPhoneSimulator.Deploy.0 = Debug|Any CPU
		{AE11A674-929F-47DB-A6F2-0937913E86BD}.Release|Any CPU.ActiveCfg = Release|Any CPU
		{AE11A674-929F-47DB-A6F2-0937913E86BD}.Release|Any CPU.Build.0 = Release|Any CPU
		{AE11A674-929F-47DB-A6F2-0937913E86BD}.Release|Any CPU.Deploy.0 = Release|Any CPU
		{AE11A674-929F-47DB-A6F2-0937913E86BD}.Release|iPhone.ActiveCfg = Release|Any CPU
		{AE11A674-929F-47DB-A6F2-0937913E86BD}.Release|iPhone.Build.0 = Release|Any CPU
		{AE11A674-929F-47DB-A6F2-0937913E86BD}.Release|iPhone.Deploy.0 = Release|Any CPU
		{AE11A674-929F-47DB-A6F2-0937913E86BD}.Release|iPhoneSimulator.ActiveCfg = Release|Any CPU
		{AE11A674-929F-47DB-A6F2-0937913E86BD}.Release|iPhoneSimulator.Build.0 = Release|Any CPU
		{AE11A674-929F-47DB-A6F2-0937913E86BD}.Release|iPhoneSimulator.Deploy.0 = Release|Any CPU
		{27776A57-452B-4D23-BF6E-A92C0145B403}.Ad-Hoc|Any CPU.ActiveCfg = Release|Any CPU
		{27776A57-452B-4D23-BF6E-A92C0145B403}.Ad-Hoc|Any CPU.Build.0 = Release|Any CPU
		{27776A57-452B-4D23-BF6E-A92C0145B403}.Ad-Hoc|iPhone.ActiveCfg = Release|Any CPU
		{27776A57-452B-4D23-BF6E-A92C0145B403}.Ad-Hoc|iPhone.Build.0 = Release|Any CPU
		{27776A57-452B-4D23-BF6E-A92C0145B403}.Ad-Hoc|iPhoneSimulator.ActiveCfg = Release|Any CPU
		{27776A57-452B-4D23-BF6E-A92C0145B403}.Ad-Hoc|iPhoneSimulator.Build.0 = Release|Any CPU
		{27776A57-452B-4D23-BF6E-A92C0145B403}.AppStore|Any CPU.ActiveCfg = Release|Any CPU
		{27776A57-452B-4D23-BF6E-A92C0145B403}.AppStore|Any CPU.Build.0 = Release|Any CPU
		{27776A57-452B-4D23-BF6E-A92C0145B403}.AppStore|iPhone.ActiveCfg = Release|Any CPU
		{27776A57-452B-4D23-BF6E-A92C0145B403}.AppStore|iPhone.Build.0 = Release|Any CPU
		{27776A57-452B-4D23-BF6E-A92C0145B403}.AppStore|iPhoneSimulator.ActiveCfg = Release|Any CPU
		{27776A57-452B-4D23-BF6E-A92C0145B403}.AppStore|iPhoneSimulator.Build.0 = Release|Any CPU
		{27776A57-452B-4D23-BF6E-A92C0145B403}.Debug|Any CPU.ActiveCfg = Debug|Any CPU
		{27776A57-452B-4D23-BF6E-A92C0145B403}.Debug|Any CPU.Build.0 = Debug|Any CPU
		{27776A57-452B-4D23-BF6E-A92C0145B403}.Debug|iPhone.ActiveCfg = Debug|Any CPU
		{27776A57-452B-4D23-BF6E-A92C0145B403}.Debug|iPhone.Build.0 = Debug|Any CPU
		{27776A57-452B-4D23-BF6E-A92C0145B403}.Debug|iPhoneSimulator.ActiveCfg = Debug|Any CPU
		{27776A57-452B-4D23-BF6E-A92C0145B403}.Debug|iPhoneSimulator.Build.0 = Debug|Any CPU
		{27776A57-452B-4D23-BF6E-A92C0145B403}.Release|Any CPU.ActiveCfg = Release|Any CPU
		{27776A57-452B-4D23-BF6E-A92C0145B403}.Release|Any CPU.Build.0 = Release|Any CPU
		{27776A57-452B-4D23-BF6E-A92C0145B403}.Release|iPhone.ActiveCfg = Release|Any CPU
		{27776A57-452B-4D23-BF6E-A92C0145B403}.Release|iPhone.Build.0 = Release|Any CPU
		{27776A57-452B-4D23-BF6E-A92C0145B403}.Release|iPhoneSimulator.ActiveCfg = Release|Any CPU
		{27776A57-452B-4D23-BF6E-A92C0145B403}.Release|iPhoneSimulator.Build.0 = Release|Any CPU
		{94884E79-A7D9-463C-999E-007C3EFAECA3}.Ad-Hoc|Any CPU.ActiveCfg = Ad-Hoc|iPhone
		{94884E79-A7D9-463C-999E-007C3EFAECA3}.Ad-Hoc|iPhone.ActiveCfg = Ad-Hoc|iPhone
		{94884E79-A7D9-463C-999E-007C3EFAECA3}.Ad-Hoc|iPhone.Build.0 = Ad-Hoc|iPhone
		{94884E79-A7D9-463C-999E-007C3EFAECA3}.Ad-Hoc|iPhoneSimulator.ActiveCfg = Ad-Hoc|iPhoneSimulator
		{94884E79-A7D9-463C-999E-007C3EFAECA3}.Ad-Hoc|iPhoneSimulator.Build.0 = Ad-Hoc|iPhoneSimulator
		{94884E79-A7D9-463C-999E-007C3EFAECA3}.AppStore|Any CPU.ActiveCfg = AppStore|iPhone
		{94884E79-A7D9-463C-999E-007C3EFAECA3}.AppStore|iPhone.ActiveCfg = AppStore|iPhone
		{94884E79-A7D9-463C-999E-007C3EFAECA3}.AppStore|iPhone.Build.0 = AppStore|iPhone
		{94884E79-A7D9-463C-999E-007C3EFAECA3}.AppStore|iPhoneSimulator.ActiveCfg = AppStore|iPhoneSimulator
		{94884E79-A7D9-463C-999E-007C3EFAECA3}.AppStore|iPhoneSimulator.Build.0 = AppStore|iPhoneSimulator
		{94884E79-A7D9-463C-999E-007C3EFAECA3}.Debug|Any CPU.ActiveCfg = Debug|iPhone
		{94884E79-A7D9-463C-999E-007C3EFAECA3}.Debug|iPhone.ActiveCfg = Debug|iPhone
		{94884E79-A7D9-463C-999E-007C3EFAECA3}.Debug|iPhone.Build.0 = Debug|iPhone
		{94884E79-A7D9-463C-999E-007C3EFAECA3}.Debug|iPhoneSimulator.ActiveCfg = Debug|iPhoneSimulator
		{94884E79-A7D9-463C-999E-007C3EFAECA3}.Debug|iPhoneSimulator.Build.0 = Debug|iPhoneSimulator
		{94884E79-A7D9-463C-999E-007C3EFAECA3}.Release|Any CPU.ActiveCfg = Release|iPhone
		{94884E79-A7D9-463C-999E-007C3EFAECA3}.Release|iPhone.ActiveCfg = Release|iPhone
		{94884E79-A7D9-463C-999E-007C3EFAECA3}.Release|iPhone.Build.0 = Release|iPhone
		{94884E79-A7D9-463C-999E-007C3EFAECA3}.Release|iPhoneSimulator.ActiveCfg = Release|iPhoneSimulator
		{94884E79-A7D9-463C-999E-007C3EFAECA3}.Release|iPhoneSimulator.Build.0 = Release|iPhoneSimulator
		{604A6120-BA4C-40F9-B3D9-7BE2982EADF0}.Ad-Hoc|Any CPU.ActiveCfg = Release|Any CPU
		{604A6120-BA4C-40F9-B3D9-7BE2982EADF0}.Ad-Hoc|Any CPU.Build.0 = Release|Any CPU
		{604A6120-BA4C-40F9-B3D9-7BE2982EADF0}.Ad-Hoc|Any CPU.Deploy.0 = Release|Any CPU
		{604A6120-BA4C-40F9-B3D9-7BE2982EADF0}.Ad-Hoc|iPhone.ActiveCfg = Release|Any CPU
		{604A6120-BA4C-40F9-B3D9-7BE2982EADF0}.Ad-Hoc|iPhone.Build.0 = Release|Any CPU
		{604A6120-BA4C-40F9-B3D9-7BE2982EADF0}.Ad-Hoc|iPhone.Deploy.0 = Release|Any CPU
		{604A6120-BA4C-40F9-B3D9-7BE2982EADF0}.Ad-Hoc|iPhoneSimulator.ActiveCfg = Release|Any CPU
		{604A6120-BA4C-40F9-B3D9-7BE2982EADF0}.Ad-Hoc|iPhoneSimulator.Build.0 = Release|Any CPU
		{604A6120-BA4C-40F9-B3D9-7BE2982EADF0}.Ad-Hoc|iPhoneSimulator.Deploy.0 = Release|Any CPU
		{604A6120-BA4C-40F9-B3D9-7BE2982EADF0}.AppStore|Any CPU.ActiveCfg = Release|Any CPU
		{604A6120-BA4C-40F9-B3D9-7BE2982EADF0}.AppStore|Any CPU.Build.0 = Release|Any CPU
		{604A6120-BA4C-40F9-B3D9-7BE2982EADF0}.AppStore|Any CPU.Deploy.0 = Release|Any CPU
		{604A6120-BA4C-40F9-B3D9-7BE2982EADF0}.AppStore|iPhone.ActiveCfg = Release|Any CPU
		{604A6120-BA4C-40F9-B3D9-7BE2982EADF0}.AppStore|iPhone.Build.0 = Release|Any CPU
		{604A6120-BA4C-40F9-B3D9-7BE2982EADF0}.AppStore|iPhone.Deploy.0 = Release|Any CPU
		{604A6120-BA4C-40F9-B3D9-7BE2982EADF0}.AppStore|iPhoneSimulator.ActiveCfg = Release|Any CPU
		{604A6120-BA4C-40F9-B3D9-7BE2982EADF0}.AppStore|iPhoneSimulator.Build.0 = Release|Any CPU
		{604A6120-BA4C-40F9-B3D9-7BE2982EADF0}.AppStore|iPhoneSimulator.Deploy.0 = Release|Any CPU
		{604A6120-BA4C-40F9-B3D9-7BE2982EADF0}.Debug|Any CPU.ActiveCfg = Debug|Any CPU
		{604A6120-BA4C-40F9-B3D9-7BE2982EADF0}.Debug|Any CPU.Build.0 = Debug|Any CPU
		{604A6120-BA4C-40F9-B3D9-7BE2982EADF0}.Debug|Any CPU.Deploy.0 = Debug|Any CPU
		{604A6120-BA4C-40F9-B3D9-7BE2982EADF0}.Debug|iPhone.ActiveCfg = Debug|Any CPU
		{604A6120-BA4C-40F9-B3D9-7BE2982EADF0}.Debug|iPhone.Build.0 = Debug|Any CPU
		{604A6120-BA4C-40F9-B3D9-7BE2982EADF0}.Debug|iPhone.Deploy.0 = Debug|Any CPU
		{604A6120-BA4C-40F9-B3D9-7BE2982EADF0}.Debug|iPhoneSimulator.ActiveCfg = Debug|Any CPU
		{604A6120-BA4C-40F9-B3D9-7BE2982EADF0}.Debug|iPhoneSimulator.Build.0 = Debug|Any CPU
		{604A6120-BA4C-40F9-B3D9-7BE2982EADF0}.Debug|iPhoneSimulator.Deploy.0 = Debug|Any CPU
		{604A6120-BA4C-40F9-B3D9-7BE2982EADF0}.Release|Any CPU.ActiveCfg = Release|Any CPU
		{604A6120-BA4C-40F9-B3D9-7BE2982EADF0}.Release|Any CPU.Build.0 = Release|Any CPU
		{604A6120-BA4C-40F9-B3D9-7BE2982EADF0}.Release|Any CPU.Deploy.0 = Release|Any CPU
		{604A6120-BA4C-40F9-B3D9-7BE2982EADF0}.Release|iPhone.ActiveCfg = Release|Any CPU
		{604A6120-BA4C-40F9-B3D9-7BE2982EADF0}.Release|iPhone.Build.0 = Release|Any CPU
		{604A6120-BA4C-40F9-B3D9-7BE2982EADF0}.Release|iPhone.Deploy.0 = Release|Any CPU
		{604A6120-BA4C-40F9-B3D9-7BE2982EADF0}.Release|iPhoneSimulator.ActiveCfg = Release|Any CPU
		{604A6120-BA4C-40F9-B3D9-7BE2982EADF0}.Release|iPhoneSimulator.Build.0 = Release|Any CPU
		{604A6120-BA4C-40F9-B3D9-7BE2982EADF0}.Release|iPhoneSimulator.Deploy.0 = Release|Any CPU
		{3680D3BE-5443-4256-AC72-FEDE9558454C}.Ad-Hoc|Any CPU.ActiveCfg = Release|Any CPU
		{3680D3BE-5443-4256-AC72-FEDE9558454C}.Ad-Hoc|Any CPU.Build.0 = Release|Any CPU
		{3680D3BE-5443-4256-AC72-FEDE9558454C}.Ad-Hoc|iPhone.ActiveCfg = Release|Any CPU
		{3680D3BE-5443-4256-AC72-FEDE9558454C}.Ad-Hoc|iPhone.Build.0 = Release|Any CPU
		{3680D3BE-5443-4256-AC72-FEDE9558454C}.Ad-Hoc|iPhoneSimulator.ActiveCfg = Release|Any CPU
		{3680D3BE-5443-4256-AC72-FEDE9558454C}.Ad-Hoc|iPhoneSimulator.Build.0 = Release|Any CPU
		{3680D3BE-5443-4256-AC72-FEDE9558454C}.AppStore|Any CPU.ActiveCfg = Release|Any CPU
		{3680D3BE-5443-4256-AC72-FEDE9558454C}.AppStore|Any CPU.Build.0 = Release|Any CPU
		{3680D3BE-5443-4256-AC72-FEDE9558454C}.AppStore|iPhone.ActiveCfg = Release|Any CPU
		{3680D3BE-5443-4256-AC72-FEDE9558454C}.AppStore|iPhone.Build.0 = Release|Any CPU
		{3680D3BE-5443-4256-AC72-FEDE9558454C}.AppStore|iPhoneSimulator.ActiveCfg = Release|Any CPU
		{3680D3BE-5443-4256-AC72-FEDE9558454C}.AppStore|iPhoneSimulator.Build.0 = Release|Any CPU
		{3680D3BE-5443-4256-AC72-FEDE9558454C}.Debug|Any CPU.ActiveCfg = Debug|Any CPU
		{3680D3BE-5443-4256-AC72-FEDE9558454C}.Debug|Any CPU.Build.0 = Debug|Any CPU
		{3680D3BE-5443-4256-AC72-FEDE9558454C}.Debug|iPhone.ActiveCfg = Debug|Any CPU
		{3680D3BE-5443-4256-AC72-FEDE9558454C}.Debug|iPhone.Build.0 = Debug|Any CPU
		{3680D3BE-5443-4256-AC72-FEDE9558454C}.Debug|iPhoneSimulator.ActiveCfg = Debug|Any CPU
		{3680D3BE-5443-4256-AC72-FEDE9558454C}.Debug|iPhoneSimulator.Build.0 = Debug|Any CPU
		{3680D3BE-5443-4256-AC72-FEDE9558454C}.Release|Any CPU.ActiveCfg = Release|Any CPU
		{3680D3BE-5443-4256-AC72-FEDE9558454C}.Release|Any CPU.Build.0 = Release|Any CPU
		{3680D3BE-5443-4256-AC72-FEDE9558454C}.Release|iPhone.ActiveCfg = Release|Any CPU
		{3680D3BE-5443-4256-AC72-FEDE9558454C}.Release|iPhone.Build.0 = Release|Any CPU
		{3680D3BE-5443-4256-AC72-FEDE9558454C}.Release|iPhoneSimulator.ActiveCfg = Release|Any CPU
		{3680D3BE-5443-4256-AC72-FEDE9558454C}.Release|iPhoneSimulator.Build.0 = Release|Any CPU
		{7283EB9F-63EB-4E90-BFBE-72D41781069E}.Ad-Hoc|Any CPU.ActiveCfg = Ad-Hoc|iPhone
		{7283EB9F-63EB-4E90-BFBE-72D41781069E}.Ad-Hoc|iPhone.ActiveCfg = Ad-Hoc|iPhone
		{7283EB9F-63EB-4E90-BFBE-72D41781069E}.Ad-Hoc|iPhone.Build.0 = Ad-Hoc|iPhone
		{7283EB9F-63EB-4E90-BFBE-72D41781069E}.Ad-Hoc|iPhoneSimulator.ActiveCfg = Ad-Hoc|iPhoneSimulator
		{7283EB9F-63EB-4E90-BFBE-72D41781069E}.Ad-Hoc|iPhoneSimulator.Build.0 = Ad-Hoc|iPhoneSimulator
		{7283EB9F-63EB-4E90-BFBE-72D41781069E}.AppStore|Any CPU.ActiveCfg = AppStore|iPhone
		{7283EB9F-63EB-4E90-BFBE-72D41781069E}.AppStore|iPhone.ActiveCfg = AppStore|iPhone
		{7283EB9F-63EB-4E90-BFBE-72D41781069E}.AppStore|iPhone.Build.0 = AppStore|iPhone
		{7283EB9F-63EB-4E90-BFBE-72D41781069E}.AppStore|iPhoneSimulator.ActiveCfg = AppStore|iPhoneSimulator
		{7283EB9F-63EB-4E90-BFBE-72D41781069E}.AppStore|iPhoneSimulator.Build.0 = AppStore|iPhoneSimulator
		{7283EB9F-63EB-4E90-BFBE-72D41781069E}.Debug|Any CPU.ActiveCfg = Debug|iPhone
		{7283EB9F-63EB-4E90-BFBE-72D41781069E}.Debug|iPhone.ActiveCfg = Debug|iPhone
		{7283EB9F-63EB-4E90-BFBE-72D41781069E}.Debug|iPhone.Build.0 = Debug|iPhone
		{7283EB9F-63EB-4E90-BFBE-72D41781069E}.Debug|iPhoneSimulator.ActiveCfg = Debug|iPhoneSimulator
		{7283EB9F-63EB-4E90-BFBE-72D41781069E}.Debug|iPhoneSimulator.Build.0 = Debug|iPhoneSimulator
		{7283EB9F-63EB-4E90-BFBE-72D41781069E}.Release|Any CPU.ActiveCfg = Release|iPhone
		{7283EB9F-63EB-4E90-BFBE-72D41781069E}.Release|iPhone.ActiveCfg = Release|iPhone
		{7283EB9F-63EB-4E90-BFBE-72D41781069E}.Release|iPhone.Build.0 = Release|iPhone
		{7283EB9F-63EB-4E90-BFBE-72D41781069E}.Release|iPhoneSimulator.ActiveCfg = Release|iPhoneSimulator
		{7283EB9F-63EB-4E90-BFBE-72D41781069E}.Release|iPhoneSimulator.Build.0 = Release|iPhoneSimulator
		{644D4789-0D52-4589-80D2-D696B555865B}.Ad-Hoc|Any CPU.ActiveCfg = Release|Any CPU
		{644D4789-0D52-4589-80D2-D696B555865B}.Ad-Hoc|Any CPU.Build.0 = Release|Any CPU
		{644D4789-0D52-4589-80D2-D696B555865B}.Ad-Hoc|Any CPU.Deploy.0 = Release|Any CPU
		{644D4789-0D52-4589-80D2-D696B555865B}.Ad-Hoc|iPhone.ActiveCfg = Release|Any CPU
		{644D4789-0D52-4589-80D2-D696B555865B}.Ad-Hoc|iPhone.Build.0 = Release|Any CPU
		{644D4789-0D52-4589-80D2-D696B555865B}.Ad-Hoc|iPhone.Deploy.0 = Release|Any CPU
		{644D4789-0D52-4589-80D2-D696B555865B}.Ad-Hoc|iPhoneSimulator.ActiveCfg = Release|Any CPU
		{644D4789-0D52-4589-80D2-D696B555865B}.Ad-Hoc|iPhoneSimulator.Build.0 = Release|Any CPU
		{644D4789-0D52-4589-80D2-D696B555865B}.Ad-Hoc|iPhoneSimulator.Deploy.0 = Release|Any CPU
		{644D4789-0D52-4589-80D2-D696B555865B}.AppStore|Any CPU.ActiveCfg = Release|Any CPU
		{644D4789-0D52-4589-80D2-D696B555865B}.AppStore|Any CPU.Build.0 = Release|Any CPU
		{644D4789-0D52-4589-80D2-D696B555865B}.AppStore|Any CPU.Deploy.0 = Release|Any CPU
		{644D4789-0D52-4589-80D2-D696B555865B}.AppStore|iPhone.ActiveCfg = Release|Any CPU
		{644D4789-0D52-4589-80D2-D696B555865B}.AppStore|iPhone.Build.0 = Release|Any CPU
		{644D4789-0D52-4589-80D2-D696B555865B}.AppStore|iPhone.Deploy.0 = Release|Any CPU
		{644D4789-0D52-4589-80D2-D696B555865B}.AppStore|iPhoneSimulator.ActiveCfg = Release|Any CPU
		{644D4789-0D52-4589-80D2-D696B555865B}.AppStore|iPhoneSimulator.Build.0 = Release|Any CPU
		{644D4789-0D52-4589-80D2-D696B555865B}.AppStore|iPhoneSimulator.Deploy.0 = Release|Any CPU
		{644D4789-0D52-4589-80D2-D696B555865B}.Debug|Any CPU.ActiveCfg = Debug|Any CPU
		{644D4789-0D52-4589-80D2-D696B555865B}.Debug|Any CPU.Build.0 = Debug|Any CPU
		{644D4789-0D52-4589-80D2-D696B555865B}.Debug|Any CPU.Deploy.0 = Debug|Any CPU
		{644D4789-0D52-4589-80D2-D696B555865B}.Debug|iPhone.ActiveCfg = Debug|Any CPU
		{644D4789-0D52-4589-80D2-D696B555865B}.Debug|iPhone.Build.0 = Debug|Any CPU
		{644D4789-0D52-4589-80D2-D696B555865B}.Debug|iPhone.Deploy.0 = Debug|Any CPU
		{644D4789-0D52-4589-80D2-D696B555865B}.Debug|iPhoneSimulator.ActiveCfg = Debug|Any CPU
		{644D4789-0D52-4589-80D2-D696B555865B}.Debug|iPhoneSimulator.Build.0 = Debug|Any CPU
		{644D4789-0D52-4589-80D2-D696B555865B}.Debug|iPhoneSimulator.Deploy.0 = Debug|Any CPU
		{644D4789-0D52-4589-80D2-D696B555865B}.Release|Any CPU.ActiveCfg = Release|Any CPU
		{644D4789-0D52-4589-80D2-D696B555865B}.Release|Any CPU.Build.0 = Release|Any CPU
		{644D4789-0D52-4589-80D2-D696B555865B}.Release|Any CPU.Deploy.0 = Release|Any CPU
		{644D4789-0D52-4589-80D2-D696B555865B}.Release|iPhone.ActiveCfg = Release|Any CPU
		{644D4789-0D52-4589-80D2-D696B555865B}.Release|iPhone.Build.0 = Release|Any CPU
		{644D4789-0D52-4589-80D2-D696B555865B}.Release|iPhone.Deploy.0 = Release|Any CPU
		{644D4789-0D52-4589-80D2-D696B555865B}.Release|iPhoneSimulator.ActiveCfg = Release|Any CPU
		{644D4789-0D52-4589-80D2-D696B555865B}.Release|iPhoneSimulator.Build.0 = Release|Any CPU
		{644D4789-0D52-4589-80D2-D696B555865B}.Release|iPhoneSimulator.Deploy.0 = Release|Any CPU
		{1E922D1A-C905-4ACE-A19A-5400065546FD}.Ad-Hoc|Any CPU.ActiveCfg = Release|Any CPU
		{1E922D1A-C905-4ACE-A19A-5400065546FD}.Ad-Hoc|Any CPU.Build.0 = Release|Any CPU
		{1E922D1A-C905-4ACE-A19A-5400065546FD}.Ad-Hoc|iPhone.ActiveCfg = Release|Any CPU
		{1E922D1A-C905-4ACE-A19A-5400065546FD}.Ad-Hoc|iPhone.Build.0 = Release|Any CPU
		{1E922D1A-C905-4ACE-A19A-5400065546FD}.Ad-Hoc|iPhoneSimulator.ActiveCfg = Release|Any CPU
		{1E922D1A-C905-4ACE-A19A-5400065546FD}.Ad-Hoc|iPhoneSimulator.Build.0 = Release|Any CPU
		{1E922D1A-C905-4ACE-A19A-5400065546FD}.AppStore|Any CPU.ActiveCfg = Release|Any CPU
		{1E922D1A-C905-4ACE-A19A-5400065546FD}.AppStore|Any CPU.Build.0 = Release|Any CPU
		{1E922D1A-C905-4ACE-A19A-5400065546FD}.AppStore|iPhone.ActiveCfg = Release|Any CPU
		{1E922D1A-C905-4ACE-A19A-5400065546FD}.AppStore|iPhone.Build.0 = Release|Any CPU
		{1E922D1A-C905-4ACE-A19A-5400065546FD}.AppStore|iPhoneSimulator.ActiveCfg = Release|Any CPU
		{1E922D1A-C905-4ACE-A19A-5400065546FD}.AppStore|iPhoneSimulator.Build.0 = Release|Any CPU
		{1E922D1A-C905-4ACE-A19A-5400065546FD}.Debug|Any CPU.ActiveCfg = Debug|Any CPU
		{1E922D1A-C905-4ACE-A19A-5400065546FD}.Debug|Any CPU.Build.0 = Debug|Any CPU
		{1E922D1A-C905-4ACE-A19A-5400065546FD}.Debug|iPhone.ActiveCfg = Debug|Any CPU
		{1E922D1A-C905-4ACE-A19A-5400065546FD}.Debug|iPhone.Build.0 = Debug|Any CPU
		{1E922D1A-C905-4ACE-A19A-5400065546FD}.Debug|iPhoneSimulator.ActiveCfg = Debug|Any CPU
		{1E922D1A-C905-4ACE-A19A-5400065546FD}.Debug|iPhoneSimulator.Build.0 = Debug|Any CPU
		{1E922D1A-C905-4ACE-A19A-5400065546FD}.Release|Any CPU.ActiveCfg = Release|Any CPU
		{1E922D1A-C905-4ACE-A19A-5400065546FD}.Release|Any CPU.Build.0 = Release|Any CPU
		{1E922D1A-C905-4ACE-A19A-5400065546FD}.Release|iPhone.ActiveCfg = Release|Any CPU
		{1E922D1A-C905-4ACE-A19A-5400065546FD}.Release|iPhone.Build.0 = Release|Any CPU
		{1E922D1A-C905-4ACE-A19A-5400065546FD}.Release|iPhoneSimulator.ActiveCfg = Release|Any CPU
		{1E922D1A-C905-4ACE-A19A-5400065546FD}.Release|iPhoneSimulator.Build.0 = Release|Any CPU
		{3D42E351-5449-40AF-8C3D-ACA5BB64E0D9}.Ad-Hoc|Any CPU.ActiveCfg = Ad-Hoc|iPhone
		{3D42E351-5449-40AF-8C3D-ACA5BB64E0D9}.Ad-Hoc|iPhone.ActiveCfg = Ad-Hoc|iPhone
		{3D42E351-5449-40AF-8C3D-ACA5BB64E0D9}.Ad-Hoc|iPhone.Build.0 = Ad-Hoc|iPhone
		{3D42E351-5449-40AF-8C3D-ACA5BB64E0D9}.Ad-Hoc|iPhoneSimulator.ActiveCfg = Ad-Hoc|iPhoneSimulator
		{3D42E351-5449-40AF-8C3D-ACA5BB64E0D9}.Ad-Hoc|iPhoneSimulator.Build.0 = Ad-Hoc|iPhoneSimulator
		{3D42E351-5449-40AF-8C3D-ACA5BB64E0D9}.AppStore|Any CPU.ActiveCfg = AppStore|iPhone
		{3D42E351-5449-40AF-8C3D-ACA5BB64E0D9}.AppStore|iPhone.ActiveCfg = AppStore|iPhone
		{3D42E351-5449-40AF-8C3D-ACA5BB64E0D9}.AppStore|iPhone.Build.0 = AppStore|iPhone
		{3D42E351-5449-40AF-8C3D-ACA5BB64E0D9}.AppStore|iPhoneSimulator.ActiveCfg = AppStore|iPhoneSimulator
		{3D42E351-5449-40AF-8C3D-ACA5BB64E0D9}.AppStore|iPhoneSimulator.Build.0 = AppStore|iPhoneSimulator
		{3D42E351-5449-40AF-8C3D-ACA5BB64E0D9}.Debug|Any CPU.ActiveCfg = Debug|iPhone
		{3D42E351-5449-40AF-8C3D-ACA5BB64E0D9}.Debug|iPhone.ActiveCfg = Debug|iPhone
		{3D42E351-5449-40AF-8C3D-ACA5BB64E0D9}.Debug|iPhone.Build.0 = Debug|iPhone
		{3D42E351-5449-40AF-8C3D-ACA5BB64E0D9}.Debug|iPhoneSimulator.ActiveCfg = Debug|iPhoneSimulator
		{3D42E351-5449-40AF-8C3D-ACA5BB64E0D9}.Debug|iPhoneSimulator.Build.0 = Debug|iPhoneSimulator
		{3D42E351-5449-40AF-8C3D-ACA5BB64E0D9}.Release|Any CPU.ActiveCfg = Release|iPhone
		{3D42E351-5449-40AF-8C3D-ACA5BB64E0D9}.Release|iPhone.ActiveCfg = Release|iPhone
		{3D42E351-5449-40AF-8C3D-ACA5BB64E0D9}.Release|iPhone.Build.0 = Release|iPhone
		{3D42E351-5449-40AF-8C3D-ACA5BB64E0D9}.Release|iPhoneSimulator.ActiveCfg = Release|iPhoneSimulator
		{3D42E351-5449-40AF-8C3D-ACA5BB64E0D9}.Release|iPhoneSimulator.Build.0 = Release|iPhoneSimulator
	EndGlobalSection
	GlobalSection(SolutionProperties) = preSolution
		HideSolutionNode = FALSE
	EndGlobalSection
	GlobalSection(NestedProjects) = preSolution
		{3D9AF949-0512-4502-904D-5F4EA2EEBD88} = {68E35B7F-E49A-45A1-9029-A3F6BC62F8E5}
		{5C751189-5F70-45AA-B138-283A5CB4E5B1} = {68E35B7F-E49A-45A1-9029-A3F6BC62F8E5}
		{4B30E58F-EB83-4336-A53D-ABA57BA4DDE0} = {68E35B7F-E49A-45A1-9029-A3F6BC62F8E5}
		{4CDB1E3C-F3AE-492B-9C37-EFCA93205197} = {C8C84F18-232D-4488-9215-38B9AD252237}
		{3CA640F9-D905-4C30-AC40-BFCF97B51E87} = {C8C84F18-232D-4488-9215-38B9AD252237}
		{386C5BDB-E539-44F5-9F26-6BAF80C20974} = {C8C84F18-232D-4488-9215-38B9AD252237}
		{33D9B79D-D1C1-4A4A-A1E6-2999088A6D15} = {EF3928B1-255A-4F2B-B33D-3C11381BE997}
		{302A49C9-98BC-43CE-9F1F-2768A119D978} = {EF3928B1-255A-4F2B-B33D-3C11381BE997}
		{06942153-0D36-4346-BCD9-8318AC9F4CFF} = {EF3928B1-255A-4F2B-B33D-3C11381BE997}
		{AE11A674-929F-47DB-A6F2-0937913E86BD} = {903126AF-3B2A-4255-B8DE-BD5ACA5413D6}
		{27776A57-452B-4D23-BF6E-A92C0145B403} = {903126AF-3B2A-4255-B8DE-BD5ACA5413D6}
		{94884E79-A7D9-463C-999E-007C3EFAECA3} = {903126AF-3B2A-4255-B8DE-BD5ACA5413D6}
		{604A6120-BA4C-40F9-B3D9-7BE2982EADF0} = {202EBC59-28F3-471B-B038-CE116B416889}
		{3680D3BE-5443-4256-AC72-FEDE9558454C} = {202EBC59-28F3-471B-B038-CE116B416889}
		{7283EB9F-63EB-4E90-BFBE-72D41781069E} = {202EBC59-28F3-471B-B038-CE116B416889}
		{644D4789-0D52-4589-80D2-D696B555865B} = {494E3133-1244-49E3-BE53-F2199E4A674D}
		{1E922D1A-C905-4ACE-A19A-5400065546FD} = {494E3133-1244-49E3-BE53-F2199E4A674D}
		{3D42E351-5449-40AF-8C3D-ACA5BB64E0D9} = {494E3133-1244-49E3-BE53-F2199E4A674D}
	EndGlobalSection
EndGlobal
